{
  "name": "react-webcam-plugin",
  "lockfileVersion": 2,
  "requires": true,
  "packages": {
    "": {
      "dependencies": {
        "react-to-webcomponent": "^1.7.3"
      }
    },
    "node_modules/react-to-webcomponent": {
      "version": "1.7.3",
      "resolved": "https://registry.npmjs.org/react-to-webcomponent/-/react-to-webcomponent-1.7.3.tgz",
      "integrity": "sha512-wUu9Atd/snZW6OjGVBYyNQY/JlFJf++ZRwAvU757d1UwpoLFzUYAKG7EU69Ozp71cg9sf39P/bwt2QUaM+pRRQ=="
    }
  },
  "dependencies": {
    "react-to-webcomponent": {
      "version": "1.7.3",
      "resolved": "https://registry.npmjs.org/react-to-webcomponent/-/react-to-webcomponent-1.7.3.tgz",
      "integrity": "sha512-wUu9Atd/snZW6OjGVBYyNQY/JlFJf++ZRwAvU757d1UwpoLFzUYAKG7EU69Ozp71cg9sf39P/bwt2QUaM+pRRQ=="
    }
  }
}
